// !$*UTF8*$!
{
	archiveVersion = 1;
	classes = {
	};
	objectVersion = 77;
	objects = {

/* Begin PBXBuildFile section */
		376578D92DE4EDA000779C9F /* README.md in Resources */ = {isa = PBXBuildFile; fileRef = 376578D82DE4ED9800779C9F /* README.md */; };
		37DBDBB52DE3AAC300D1A67D /* ViewInspector in Frameworks */ = {isa = PBXBuildFile; productRef = 37DBDBB42DE3AAC300D1A67D /* ViewInspector */; };
		37DBDBBD2DE3AE7000D1A67D /* TestPlan.xctestplan in Resources */ = {isa = PBXBuildFile; fileRef = 37DBDBBC2DE3AE7000D1A67D /* TestPlan.xctestplan */; };
		37DBDC0E2DE4256000D1A67D /* InlineSnapshotTesting in Frameworks */ = {isa = PBXBuildFile; productRef = 37DBDC0D2DE4256000D1A67D /* InlineSnapshotTesting */; };
		37DBDC102DE4256000D1A67D /* SnapshotTesting in Frameworks */ = {isa = PBXBuildFile; productRef = 37DBDC0F2DE4256000D1A67D /* SnapshotTesting */; };
		37DBDC122DE4256000D1A67D /* SnapshotTestingCustomDump in Frameworks */ = {isa = PBXBuildFile; productRef = 37DBDC112DE4256000D1A67D /* SnapshotTestingCustomDump */; };
/* End PBXBuildFile section */

/* Begin PBXContainerItemProxy section */
		37DBDB3F2DE190FA00D1A67D /* PBXContainerItemProxy */ = {
			isa = PBXContainerItemProxy;
			containerPortal = 37DBDB292DE190F800D1A67D /* Project object */;
			proxyType = 1;
			remoteGlobalIDString = 37DBDB302DE190F800D1A67D;
			remoteInfo = MVVMC;
		};
		37DBDB492DE190FA00D1A67D /* PBXContainerItemProxy */ = {
			isa = PBXContainerItemProxy;
			containerPortal = 37DBDB292DE190F800D1A67D /* Project object */;
			proxyType = 1;
			remoteGlobalIDString = 37DBDB302DE190F800D1A67D;
			remoteInfo = MVVMC;
		};
/* End PBXContainerItemProxy section */

/* Begin PBXFileReference section */
		376578D62DE4E7EE00779C9F /* .swiftformat */ = {isa = PBXFileReference; lastKnownFileType = text; path = .swiftformat; sourceTree = "<group>"; };
		376578D72DE4E7EE00779C9F /* .swiftlint.yml */ = {isa = PBXFileReference; lastKnownFileType = text.yaml; path = .swiftlint.yml; sourceTree = "<group>"; };
		376578D82DE4ED9800779C9F /* README.md */ = {isa = PBXFileReference; lastKnownFileType = net.daringfireball.markdown; path = README.md; sourceTree = "<group>"; };
		37DBDB312DE190F800D1A67D /* MVVMC.app */ = {isa = PBXFileReference; explicitFileType = wrapper.application; includeInIndex = 0; path = MVVMC.app; sourceTree = BUILT_PRODUCTS_DIR; };
		37DBDB3E2DE190FA00D1A67D /* MVVMCTests.xctest */ = {isa = PBXFileReference; explicitFileType = wrapper.cfbundle; includeInIndex = 0; path = MVVMCTests.xctest; sourceTree = BUILT_PRODUCTS_DIR; };
		37DBDB482DE190FA00D1A67D /* MVVMCUITests.xctest */ = {isa = PBXFileReference; explicitFileType = wrapper.cfbundle; includeInIndex = 0; path = MVVMCUITests.xctest; sourceTree = BUILT_PRODUCTS_DIR; };
		37DBDBBC2DE3AE7000D1A67D /* TestPlan.xctestplan */ = {isa = PBXFileReference; lastKnownFileType = text; path = TestPlan.xctestplan; sourceTree = "<group>"; };
/* End PBXFileReference section */

/* Begin PBXFileSystemSynchronizedRootGroup section */
		37DBDB332DE190F800D1A67D /* MVVMC */ = {
			isa = PBXFileSystemSynchronizedRootGroup;
			path = MVVMC;
			sourceTree = "<group>";
		};
		37DBDB412DE190FA00D1A67D /* MVVMCTests */ = {
			isa = PBXFileSystemSynchronizedRootGroup;
			path = MVVMCTests;
			sourceTree = "<group>";
		};
		37DBDB4B2DE190FA00D1A67D /* MVVMCUITests */ = {
			isa = PBXFileSystemSynchronizedRootGroup;
			path = MVVMCUITests;
			sourceTree = "<group>";
		};
/* End PBXFileSystemSynchronizedRootGroup section */

/* Begin PBXFrameworksBuildPhase section */
		37DBDB2E2DE190F800D1A67D /* Frameworks */ = {
			isa = PBXFrameworksBuildPhase;
			buildActionMask = 2147483647;
			files = (
			);
			runOnlyForDeploymentPostprocessing = 0;
		};
		37DBDB3B2DE190FA00D1A67D /* Frameworks */ = {
			isa = PBXFrameworksBuildPhase;
			buildActionMask = 2147483647;
			files = (
				37DBDC122DE4256000D1A67D /* SnapshotTestingCustomDump in Frameworks */,
				37DBDC102DE4256000D1A67D /* SnapshotTesting in Frameworks */,
				37DBDC0E2DE4256000D1A67D /* InlineSnapshotTesting in Frameworks */,
				37DBDBB52DE3AAC300D1A67D /* ViewInspector in Frameworks */,
			);
			runOnlyForDeploymentPostprocessing = 0;
		};
		37DBDB452DE190FA00D1A67D /* Frameworks */ = {
			isa = PBXFrameworksBuildPhase;
			buildActionMask = 2147483647;
			files = (
			);
			runOnlyForDeploymentPostprocessing = 0;
		};
/* End PBXFrameworksBuildPhase section */

/* Begin PBXGroup section */
		37DBDB282DE190F800D1A67D = {
			isa = PBXGroup;
			children = (
				376578D82DE4ED9800779C9F /* README.md */,
				376578D62DE4E7EE00779C9F /* .swiftformat */,
				376578D72DE4E7EE00779C9F /* .swiftlint.yml */,
				37DBDBBC2DE3AE7000D1A67D /* TestPlan.xctestplan */,
				37DBDB332DE190F800D1A67D /* MVVMC */,
				37DBDB412DE190FA00D1A67D /* MVVMCTests */,
				37DBDB4B2DE190FA00D1A67D /* MVVMCUITests */,
				37DBDB322DE190F800D1A67D /* Products */,
			);
			indentWidth = 2;
			sourceTree = "<group>";
			tabWidth = 2;
		};
		37DBDB322DE190F800D1A67D /* Products */ = {
			isa = PBXGroup;
			children = (
				37DBDB312DE190F800D1A67D /* MVVMC.app */,
				37DBDB3E2DE190FA00D1A67D /* MVVMCTests.xctest */,
				37DBDB482DE190FA00D1A67D /* MVVMCUITests.xctest */,
			);
			name = Products;
			sourceTree = "<group>";
		};
/* End PBXGroup section */

/* Begin PBXNativeTarget section */
		37DBDB302DE190F800D1A67D /* MVVMC */ = {
			isa = PBXNativeTarget;
			buildConfigurationList = 37DBDB522DE190FA00D1A67D /* Build configuration list for PBXNativeTarget "MVVMC" */;
			buildPhases = (
				37DBDB2D2DE190F800D1A67D /* Sources */,
				37DBDB2E2DE190F800D1A67D /* Frameworks */,
				37DBDB2F2DE190F800D1A67D /* Resources */,
				376578D22DE4E51800779C9F /* SwiftLint */,
				376578D32DE4E53000779C9F /* SwiftFormat */,
			);
			buildRules = (
			);
			dependencies = (
			);
			fileSystemSynchronizedGroups = (
				37DBDB332DE190F800D1A67D /* MVVMC */,
			);
			name = MVVMC;
			packageProductDependencies = (
			);
			productName = MVVMC;
			productReference = 37DBDB312DE190F800D1A67D /* MVVMC.app */;
			productType = "com.apple.product-type.application";
		};
		37DBDB3D2DE190FA00D1A67D /* MVVMCTests */ = {
			isa = PBXNativeTarget;
			buildConfigurationList = 37DBDB552DE190FA00D1A67D /* Build configuration list for PBXNativeTarget "MVVMCTests" */;
			buildPhases = (
				37DBDB3A2DE190FA00D1A67D /* Sources */,
				37DBDB3B2DE190FA00D1A67D /* Frameworks */,
				37DBDB3C2DE190FA00D1A67D /* Resources */,
			);
			buildRules = (
			);
			dependencies = (
				37DBDB402DE190FA00D1A67D /* PBXTargetDependency */,
			);
			fileSystemSynchronizedGroups = (
				37DBDB412DE190FA00D1A67D /* MVVMCTests */,
			);
			name = MVVMCTests;
			packageProductDependencies = (
				37DBDBB42DE3AAC300D1A67D /* ViewInspector */,
				37DBDC0D2DE4256000D1A67D /* InlineSnapshotTesting */,
				37DBDC0F2DE4256000D1A67D /* SnapshotTesting */,
				37DBDC112DE4256000D1A67D /* SnapshotTestingCustomDump */,
			);
			productName = MVVMCTests;
			productReference = 37DBDB3E2DE190FA00D1A67D /* MVVMCTests.xctest */;
			productType = "com.apple.product-type.bundle.unit-test";
		};
		37DBDB472DE190FA00D1A67D /* MVVMCUITests */ = {
			isa = PBXNativeTarget;
			buildConfigurationList = 37DBDB582DE190FA00D1A67D /* Build configuration list for PBXNativeTarget "MVVMCUITests" */;
			buildPhases = (
				37DBDB442DE190FA00D1A67D /* Sources */,
				37DBDB452DE190FA00D1A67D /* Frameworks */,
				37DBDB462DE190FA00D1A67D /* Resources */,
			);
			buildRules = (
			);
			dependencies = (
				37DBDB4A2DE190FA00D1A67D /* PBXTargetDependency */,
			);
			fileSystemSynchronizedGroups = (
				37DBDB4B2DE190FA00D1A67D /* MVVMCUITests */,
			);
			name = MVVMCUITests;
			packageProductDependencies = (
			);
			productName = MVVMCUITests;
			productReference = 37DBDB482DE190FA00D1A67D /* MVVMCUITests.xctest */;
			productType = "com.apple.product-type.bundle.ui-testing";
		};
/* End PBXNativeTarget section */

/* Begin PBXProject section */
		37DBDB292DE190F800D1A67D /* Project object */ = {
			isa = PBXProject;
			attributes = {
				BuildIndependentTargetsInParallel = 1;
				LastSwiftUpdateCheck = 1630;
				LastUpgradeCheck = 1630;
				TargetAttributes = {
					37DBDB302DE190F800D1A67D = {
						CreatedOnToolsVersion = 16.3;
					};
					37DBDB3D2DE190FA00D1A67D = {
						CreatedOnToolsVersion = 16.3;
						TestTargetID = 37DBDB302DE190F800D1A67D;
					};
					37DBDB472DE190FA00D1A67D = {
						CreatedOnToolsVersion = 16.3;
						TestTargetID = 37DBDB302DE190F800D1A67D;
					};
				};
			};
			buildConfigurationList = 37DBDB2C2DE190F800D1A67D /* Build configuration list for PBXProject "MVVMC" */;
			developmentRegion = en;
			hasScannedForEncodings = 0;
			knownRegions = (
				en,
				Base,
			);
			mainGroup = 37DBDB282DE190F800D1A67D;
			minimizedProjectReferenceProxies = 1;
			packageReferences = (
				37DBDBB32DE3AAC300D1A67D /* XCRemoteSwiftPackageReference "ViewInspector" */,
				37DBDC0C2DE4256000D1A67D /* XCRemoteSwiftPackageReference "swift-snapshot-testing" */,
			);
			preferredProjectObjectVersion = 77;
			productRefGroup = 37DBDB322DE190F800D1A67D /* Products */;
			projectDirPath = "";
			projectRoot = "";
			targets = (
				37DBDB302DE190F800D1A67D /* MVVMC */,
				37DBDB3D2DE190FA00D1A67D /* MVVMCTests */,
				37DBDB472DE190FA00D1A67D /* MVVMCUITests */,
			);
		};
/* End PBXProject section */

/* Begin PBXResourcesBuildPhase section */
		37DBDB2F2DE190F800D1A67D /* Resources */ = {
			isa = PBXResourcesBuildPhase;
			buildActionMask = 2147483647;
			files = (
				376578D92DE4EDA000779C9F /* README.md in Resources */,
				37DBDBBD2DE3AE7000D1A67D /* TestPlan.xctestplan in Resources */,
			);
			runOnlyForDeploymentPostprocessing = 0;
		};
		37DBDB3C2DE190FA00D1A67D /* Resources */ = {
			isa = PBXResourcesBuildPhase;
			buildActionMask = 2147483647;
			files = (
			);
			runOnlyForDeploymentPostprocessing = 0;
		};
		37DBDB462DE190FA00D1A67D /* Resources */ = {
			isa = PBXResourcesBuildPhase;
			buildActionMask = 2147483647;
			files = (
			);
			runOnlyForDeploymentPostprocessing = 0;
		};
/* End PBXResourcesBuildPhase section */

/* Begin PBXShellScriptBuildPhase section */
		376578D22DE4E51800779C9F /* SwiftLint */ = {
			isa = PBXShellScriptBuildPhase;
			alwaysOutOfDate = 1;
			buildActionMask = 2147483647;
			files = (
			);
			inputFileListPaths = (
			);
			inputPaths = (
			);
			name = SwiftLint;
			outputFileListPaths = (
			);
			outputPaths = (
			);
			runOnlyForDeploymentPostprocessing = 0;
			shellPath = /bin/sh;
			shellScript = "if [[ \"$(uname -m)\" == arm64 ]]\nthen\n    export PATH=\"/opt/homebrew/bin:$PATH\"\nfi\n    \nif which xcrun >/dev/null; then\n  xcrun --sdk macosx /opt/homebrew/bin/swiftlint --config \"${SRCROOT}/.swiftlint.yml\"\nelse\n  echo \"warning: SwiftLint not installed\"\nfi\n";
		};
		376578D32DE4E53000779C9F /* SwiftFormat */ = {
			isa = PBXShellScriptBuildPhase;
			alwaysOutOfDate = 1;
			buildActionMask = 2147483647;
			files = (
			);
			inputFileListPaths = (
			);
			inputPaths = (
			);
			name = SwiftFormat;
			outputFileListPaths = (
			);
			outputPaths = (
			);
			runOnlyForDeploymentPostprocessing = 0;
			shellPath = /bin/sh;
			shellScript = "if [ -x /opt/homebrew/bin/swiftformat ]; then\n  echo \"Running SwiftFormat...\"\n  /opt/homebrew/bin/swiftformat \"${SRCROOT}\" --config \"${SRCROOT}/.swiftformat\"\nelse\n  echo \"warning: SwiftFormat not installed\"\nfi\n";
		};
/* End PBXShellScriptBuildPhase section */

/* Begin PBXSourcesBuildPhase section */
		37DBDB2D2DE190F800D1A67D /* Sources */ = {
			isa = PBXSourcesBuildPhase;
			buildActionMask = 2147483647;
			files = (
			);
			runOnlyForDeploymentPostprocessing = 0;
		};
		37DBDB3A2DE190FA00D1A67D /* Sources */ = {
			isa = PBXSourcesBuildPhase;
			buildActionMask = 2147483647;
			files = (
			);
			runOnlyForDeploymentPostprocessing = 0;
		};
		37DBDB442DE190FA00D1A67D /* Sources */ = {
			isa = PBXSourcesBuildPhase;
			buildActionMask = 2147483647;
			files = (
			);
			runOnlyForDeploymentPostprocessing = 0;
		};
/* End PBXSourcesBuildPhase section */

/* Begin PBXTargetDependency section */
		37DBDB402DE190FA00D1A67D /* PBXTargetDependency */ = {
			isa = PBXTargetDependency;
			target = 37DBDB302DE190F800D1A67D /* MVVMC */;
			targetProxy = 37DBDB3F2DE190FA00D1A67D /* PBXContainerItemProxy */;
		};
		37DBDB4A2DE190FA00D1A67D /* PBXTargetDependency */ = {
			isa = PBXTargetDependency;
			target = 37DBDB302DE190F800D1A67D /* MVVMC */;
			targetProxy = 37DBDB492DE190FA00D1A67D /* PBXContainerItemProxy */;
		};
/* End PBXTargetDependency section */

/* Begin XCBuildConfiguration section */
		37DBDB502DE190FA00D1A67D /* Debug */ = {
			isa = XCBuildConfiguration;
			buildSettings = {
				ALWAYS_SEARCH_USER_PATHS = NO;
				ASSETCATALOG_COMPILER_GENERATE_SWIFT_ASSET_SYMBOL_EXTENSIONS = YES;
				CLANG_ANALYZER_NONNULL = YES;
				CLANG_ANALYZER_NUMBER_OBJECT_CONVERSION = YES_AGGRESSIVE;
				CLANG_CXX_LANGUAGE_STANDARD = "gnu++20";
				CLANG_ENABLE_MODULES = YES;
				CLANG_ENABLE_OBJC_ARC = YES;
				CLANG_ENABLE_OBJC_WEAK = YES;
				CLANG_WARN_BLOCK_CAPTURE_AUTORELEASING = YES;
				CLANG_WARN_BOOL_CONVERSION = YES;
				CLANG_WARN_COMMA = YES;
				CLANG_WARN_CONSTANT_CONVERSION = YES;
				CLANG_WARN_DEPRECATED_OBJC_IMPLEMENTATIONS = YES;
				CLANG_WARN_DIRECT_OBJC_ISA_USAGE = YES_ERROR;
				CLANG_WARN_DOCUMENTATION_COMMENTS = YES;
				CLANG_WARN_EMPTY_BODY = YES;
				CLANG_WARN_ENUM_CONVERSION = YES;
				CLANG_WARN_INFINITE_RECURSION = YES;
				CLANG_WARN_INT_CONVERSION = YES;
				CLANG_WARN_NON_LITERAL_NULL_CONVERSION = YES;
				CLANG_WARN_OBJC_IMPLICIT_RETAIN_SELF = YES;
				CLANG_WARN_OBJC_LITERAL_CONVERSION = YES;
				CLANG_WARN_OBJC_ROOT_CLASS = YES_ERROR;
				CLANG_WARN_QUOTED_INCLUDE_IN_FRAMEWORK_HEADER = YES;
				CLANG_WARN_RANGE_LOOP_ANALYSIS = YES;
				CLANG_WARN_STRICT_PROTOTYPES = YES;
				CLANG_WARN_SUSPICIOUS_MOVE = YES;
				CLANG_WARN_UNGUARDED_AVAILABILITY = YES_AGGRESSIVE;
				CLANG_WARN_UNREACHABLE_CODE = YES;
				CLANG_WARN__DUPLICATE_METHOD_MATCH = YES;
				COPY_PHASE_STRIP = NO;
				DEBUG_INFORMATION_FORMAT = dwarf;
				DEVELOPMENT_TEAM = 6FJ8MX2K25;
				ENABLE_STRICT_OBJC_MSGSEND = YES;
				ENABLE_TESTABILITY = YES;
				ENABLE_USER_SCRIPT_SANDBOXING = YES;
				GCC_C_LANGUAGE_STANDARD = gnu17;
				GCC_DYNAMIC_NO_PIC = NO;
				GCC_NO_COMMON_BLOCKS = YES;
				GCC_OPTIMIZATION_LEVEL = 0;
				GCC_PREPROCESSOR_DEFINITIONS = (
					"DEBUG=1",
					"$(inherited)",
				);
				GCC_WARN_64_TO_32_BIT_CONVERSION = YES;
				GCC_WARN_ABOUT_RETURN_TYPE = YES_ERROR;
				GCC_WARN_UNDECLARED_SELECTOR = YES;
				GCC_WARN_UNINITIALIZED_AUTOS = YES_AGGRESSIVE;
				GCC_WARN_UNUSED_FUNCTION = YES;
				GCC_WARN_UNUSED_VARIABLE = YES;
				IPHONEOS_DEPLOYMENT_TARGET = 18.4;
				LOCALIZATION_PREFERS_STRING_CATALOGS = YES;
				MTL_ENABLE_DEBUG_INFO = INCLUDE_SOURCE;
				MTL_FAST_MATH = YES;
				ONLY_ACTIVE_ARCH = YES;
				SDKROOT = iphoneos;
				SWIFT_ACTIVE_COMPILATION_CONDITIONS = "DEBUG $(inherited)";
				SWIFT_OPTIMIZATION_LEVEL = "-Onone";
			};
			name = Debug;
		};
		37DBDB512DE190FA00D1A67D /* Release */ = {
			isa = XCBuildConfiguration;
			buildSettings = {
				ALWAYS_SEARCH_USER_PATHS = NO;
				ASSETCATALOG_COMPILER_GENERATE_SWIFT_ASSET_SYMBOL_EXTENSIONS = YES;
				CLANG_ANALYZER_NONNULL = YES;
				CLANG_ANALYZER_NUMBER_OBJECT_CONVERSION = YES_AGGRESSIVE;
				CLANG_CXX_LANGUAGE_STANDARD = "gnu++20";
				CLANG_ENABLE_MODULES = YES;
				CLANG_ENABLE_OBJC_ARC = YES;
				CLANG_ENABLE_OBJC_WEAK = YES;
				CLANG_WARN_BLOCK_CAPTURE_AUTORELEASING = YES;
				CLANG_WARN_BOOL_CONVERSION = YES;
				CLANG_WARN_COMMA = YES;
				CLANG_WARN_CONSTANT_CONVERSION = YES;
				CLANG_WARN_DEPRECATED_OBJC_IMPLEMENTATIONS = YES;
				CLANG_WARN_DIRECT_OBJC_ISA_USAGE = YES_ERROR;
				CLANG_WARN_DOCUMENTATION_COMMENTS = YES;
				CLANG_WARN_EMPTY_BODY = YES;
				CLANG_WARN_ENUM_CONVERSION = YES;
				CLANG_WARN_INFINITE_RECURSION = YES;
				CLANG_WARN_INT_CONVERSION = YES;
				CLANG_WARN_NON_LITERAL_NULL_CONVERSION = YES;
				CLANG_WARN_OBJC_IMPLICIT_RETAIN_SELF = YES;
				CLANG_WARN_OBJC_LITERAL_CONVERSION = YES;
				CLANG_WARN_OBJC_ROOT_CLASS = YES_ERROR;
				CLANG_WARN_QUOTED_INCLUDE_IN_FRAMEWORK_HEADER = YES;
				CLANG_WARN_RANGE_LOOP_ANALYSIS = YES;
				CLANG_WARN_STRICT_PROTOTYPES = YES;
				CLANG_WARN_SUSPICIOUS_MOVE = YES;
				CLANG_WARN_UNGUARDED_AVAILABILITY = YES_AGGRESSIVE;
				CLANG_WARN_UNREACHABLE_CODE = YES;
				CLANG_WARN__DUPLICATE_METHOD_MATCH = YES;
				COPY_PHASE_STRIP = NO;
				DEBUG_INFORMATION_FORMAT = "dwarf-with-dsym";
				DEVELOPMENT_TEAM = 6FJ8MX2K25;
				ENABLE_NS_ASSERTIONS = NO;
				ENABLE_STRICT_OBJC_MSGSEND = YES;
				ENABLE_USER_SCRIPT_SANDBOXING = YES;
				GCC_C_LANGUAGE_STANDARD = gnu17;
				GCC_NO_COMMON_BLOCKS = YES;
				GCC_WARN_64_TO_32_BIT_CONVERSION = YES;
				GCC_WARN_ABOUT_RETURN_TYPE = YES_ERROR;
				GCC_WARN_UNDECLARED_SELECTOR = YES;
				GCC_WARN_UNINITIALIZED_AUTOS = YES_AGGRESSIVE;
				GCC_WARN_UNUSED_FUNCTION = YES;
				GCC_WARN_UNUSED_VARIABLE = YES;
				IPHONEOS_DEPLOYMENT_TARGET = 18.4;
				LOCALIZATION_PREFERS_STRING_CATALOGS = YES;
				MTL_ENABLE_DEBUG_INFO = NO;
				MTL_FAST_MATH = YES;
				SDKROOT = iphoneos;
				SWIFT_COMPILATION_MODE = wholemodule;
				VALIDATE_PRODUCT = YES;
			};
			name = Release;
		};
		37DBDB532DE190FA00D1A67D /* Debug */ = {
			isa = XCBuildConfiguration;
			buildSettings = {
				ASSETCATALOG_COMPILER_APPICON_NAME = AppIcon;
				ASSETCATALOG_COMPILER_GLOBAL_ACCENT_COLOR_NAME = AccentColor;
				CODE_SIGN_STYLE = Automatic;
				CURRENT_PROJECT_VERSION = 1;
				DEVELOPMENT_TEAM = 6FJ8MX2K25;
				ENABLE_PREVIEWS = YES;
				ENABLE_USER_SCRIPT_SANDBOXING = NO;
				GENERATE_INFOPLIST_FILE = YES;
				INFOPLIST_KEY_UIApplicationSceneManifest_Generation = YES;
				INFOPLIST_KEY_UIApplicationSupportsIndirectInputEvents = YES;
				INFOPLIST_KEY_UILaunchScreen_Generation = YES;
				INFOPLIST_KEY_UISupportedInterfaceOrientations_iPad = "UIInterfaceOrientationPortrait UIInterfaceOrientationPortraitUpsideDown UIInterfaceOrientationLandscapeLeft UIInterfaceOrientationLandscapeRight";
				INFOPLIST_KEY_UISupportedInterfaceOrientations_iPhone = "UIInterfaceOrientationPortrait UIInterfaceOrientationLandscapeLeft UIInterfaceOrientationLandscapeRight";
				LD_RUNPATH_SEARCH_PATHS = (
					"$(inherited)",
					"@executable_path/Frameworks",
				);
				MARKETING_VERSION = 1.0;
				PRODUCT_BUNDLE_IDENTIFIER = com.oleksa.MVVMC;
				PRODUCT_NAME = "$(TARGET_NAME)";
				SWIFT_EMIT_LOC_STRINGS = YES;
				SWIFT_VERSION = 5.0;
				TARGETED_DEVICE_FAMILY = "1,2";
			};
			name = Debug;
		};
		37DBDB542DE190FA00D1A67D /* Release */ = {
			isa = XCBuildConfiguration;
			buildSettings = {
				ASSETCATALOG_COMPILER_APPICON_NAME = AppIcon;
				ASSETCATALOG_COMPILER_GLOBAL_ACCENT_COLOR_NAME = AccentColor;
				CODE_SIGN_STYLE = Automatic;
				CURRENT_PROJECT_VERSION = 1;
				DEVELOPMENT_TEAM = 6FJ8MX2K25;
				ENABLE_PREVIEWS = YES;
				ENABLE_USER_SCRIPT_SANDBOXING = NO;
				GENERATE_INFOPLIST_FILE = YES;
				INFOPLIST_KEY_UIApplicationSceneManifest_Generation = YES;
				INFOPLIST_KEY_UIApplicationSupportsIndirectInputEvents = YES;
				INFOPLIST_KEY_UILaunchScreen_Generation = YES;
				INFOPLIST_KEY_UISupportedInterfaceOrientations_iPad = "UIInterfaceOrientationPortrait UIInterfaceOrientationPortraitUpsideDown UIInterfaceOrientationLandscapeLeft UIInterfaceOrientationLandscapeRight";
				INFOPLIST_KEY_UISupportedInterfaceOrientations_iPhone = "UIInterfaceOrientationPortrait UIInterfaceOrientationLandscapeLeft UIInterfaceOrientationLandscapeRight";
				LD_RUNPATH_SEARCH_PATHS = (
					"$(inherited)",
					"@executable_path/Frameworks",
				);
				MARKETING_VERSION = 1.0;
				PRODUCT_BUNDLE_IDENTIFIER = com.oleksa.MVVMC;
				PRODUCT_NAME = "$(TARGET_NAME)";
				SWIFT_EMIT_LOC_STRINGS = YES;
				SWIFT_VERSION = 5.0;
				TARGETED_DEVICE_FAMILY = "1,2";
			};
			name = Release;
		};
		37DBDB562DE190FA00D1A67D /* Debug */ = {
			isa = XCBuildConfiguration;
			buildSettings = {
				BUNDLE_LOADER = "$(TEST_HOST)";
				CODE_SIGN_STYLE = Automatic;
				CURRENT_PROJECT_VERSION = 1;
				DEVELOPMENT_TEAM = 6FJ8MX2K25;
				GENERATE_INFOPLIST_FILE = YES;
				IPHONEOS_DEPLOYMENT_TARGET = 18.4;
				MARKETING_VERSION = 1.0;
				PRODUCT_BUNDLE_IDENTIFIER = com.oleksa.MVVMCTests;
				PRODUCT_NAME = "$(TARGET_NAME)";
				SWIFT_EMIT_LOC_STRINGS = NO;
				SWIFT_VERSION = 5.0;
				TARGETED_DEVICE_FAMILY = "1,2";
				TEST_HOST = "$(BUILT_PRODUCTS_DIR)/MVVMC.app/$(BUNDLE_EXECUTABLE_FOLDER_PATH)/MVVMC";
			};
			name = Debug;
		};
		37DBDB572DE190FA00D1A67D /* Release */ = {
			isa = XCBuildConfiguration;
			buildSettings = {
				BUNDLE_LOADER = "$(TEST_HOST)";
				CODE_SIGN_STYLE = Automatic;
				CURRENT_PROJECT_VERSION = 1;
				DEVELOPMENT_TEAM = 6FJ8MX2K25;
				GENERATE_INFOPLIST_FILE = YES;
				IPHONEOS_DEPLOYMENT_TARGET = 18.4;
				MARKETING_VERSION = 1.0;
				PRODUCT_BUNDLE_IDENTIFIER = com.oleksa.MVVMCTests;
				PRODUCT_NAME = "$(TARGET_NAME)";
				SWIFT_EMIT_LOC_STRINGS = NO;
				SWIFT_VERSION = 5.0;
				TARGETED_DEVICE_FAMILY = "1,2";
				TEST_HOST = "$(BUILT_PRODUCTS_DIR)/MVVMC.app/$(BUNDLE_EXECUTABLE_FOLDER_PATH)/MVVMC";
			};
			name = Release;
		};
		37DBDB592DE190FA00D1A67D /* Debug */ = {
			isa = XCBuildConfiguration;
			buildSettings = {
				CODE_SIGN_STYLE = Automatic;
				CURRENT_PROJECT_VERSION = 1;
				DEVELOPMENT_TEAM = 6FJ8MX2K25;
				GENERATE_INFOPLIST_FILE = YES;
				MARKETING_VERSION = 1.0;
				PRODUCT_BUNDLE_IDENTIFIER = com.oleksa.MVVMCUITests;
				PRODUCT_NAME = "$(TARGET_NAME)";
				SWIFT_EMIT_LOC_STRINGS = NO;
				SWIFT_VERSION = 5.0;
				TARGETED_DEVICE_FAMILY = "1,2";
				TEST_TARGET_NAME = MVVMC;
			};
			name = Debug;
		};
		37DBDB5A2DE190FA00D1A67D /* Release */ = {
			isa = XCBuildConfiguration;
			buildSettings = {
				CODE_SIGN_STYLE = Automatic;
				CURRENT_PROJECT_VERSION = 1;
				DEVELOPMENT_TEAM = 6FJ8MX2K25;
				GENERATE_INFOPLIST_FILE = YES;
				MARKETING_VERSION = 1.0;
				PRODUCT_BUNDLE_IDENTIFIER = com.oleksa.MVVMCUITests;
				PRODUCT_NAME = "$(TARGET_NAME)";
				SWIFT_EMIT_LOC_STRINGS = NO;
				SWIFT_VERSION = 5.0;
				TARGETED_DEVICE_FAMILY = "1,2";
				TEST_TARGET_NAME = MVVMC;
			};
			name = Release;
		};
/* End XCBuildConfiguration section */

/* Begin XCConfigurationList section */
		37DBDB2C2DE190F800D1A67D /* Build configuration list for PBXProject "MVVMC" */ = {
			isa = XCConfigurationList;
			buildConfigurations = (
				37DBDB502DE190FA00D1A67D /* Debug */,
				37DBDB512DE190FA00D1A67D /* Release */,
			);
			defaultConfigurationIsVisible = 0;
			defaultConfigurationName = Release;
		};
		37DBDB522DE190FA00D1A67D /* Build configuration list for PBXNativeTarget "MVVMC" */ = {
			isa = XCConfigurationList;
			buildConfigurations = (
				37DBDB532DE190FA00D1A67D /* Debug */,
				37DBDB542DE190FA00D1A67D /* Release */,
			);
			defaultConfigurationIsVisible = 0;
			defaultConfigurationName = Release;
		};
		37DBDB552DE190FA00D1A67D /* Build configuration list for PBXNativeTarget "MVVMCTests" */ = {
			isa = XCConfigurationList;
			buildConfigurations = (
				37DBDB562DE190FA00D1A67D /* Debug */,
				37DBDB572DE190FA00D1A67D /* Release */,
			);
			defaultConfigurationIsVisible = 0;
			defaultConfigurationName = Release;
		};
		37DBDB582DE190FA00D1A67D /* Build configuration list for PBXNativeTarget "MVVMCUITests" */ = {
			isa = XCConfigurationList;
			buildConfigurations = (
				37DBDB592DE190FA00D1A67D /* Debug */,
				37DBDB5A2DE190FA00D1A67D /* Release */,
			);
			defaultConfigurationIsVisible = 0;
			defaultConfigurationName = Release;
		};
/* End XCConfigurationList section */

/* Begin XCRemoteSwiftPackageReference section */
		37DBDBB32DE3AAC300D1A67D /* XCRemoteSwiftPackageReference "ViewInspector" */ = {
			isa = XCRemoteSwiftPackageReference;
			repositoryURL = "https://github.com/nalexn/ViewInspector";
			requirement = {
				kind = upToNextMajorVersion;
				minimumVersion = 0.10.1;
			};
		};
		37DBDC0C2DE4256000D1A67D /* XCRemoteSwiftPackageReference "swift-snapshot-testing" */ = {
			isa = XCRemoteSwiftPackageReference;
			repositoryURL = "https://github.com/pointfreeco/swift-snapshot-testing";
			requirement = {
				kind = upToNextMajorVersion;
				minimumVersion = 1.18.4;
			};
		};
/* End XCRemoteSwiftPackageReference section */

/* Begin XCSwiftPackageProductDependency section */
		37DBDBB42DE3AAC300D1A67D /* ViewInspector */ = {
			isa = XCSwiftPackageProductDependency;
			package = 37DBDBB32DE3AAC300D1A67D /* XCRemoteSwiftPackageReference "ViewInspector" */;
			productName = ViewInspector;
		};
		37DBDC0D2DE4256000D1A67D /* InlineSnapshotTesting */ = {
			isa = XCSwiftPackageProductDependency;
			package = 37DBDC0C2DE4256000D1A67D /* XCRemoteSwiftPackageReference "swift-snapshot-testing" */;
			productName = InlineSnapshotTesting;
		};
		37DBDC0F2DE4256000D1A67D /* SnapshotTesting */ = {
			isa = XCSwiftPackageProductDependency;
			package = 37DBDC0C2DE4256000D1A67D /* XCRemoteSwiftPackageReference "swift-snapshot-testing" */;
			productName = SnapshotTesting;
		};
		37DBDC112DE4256000D1A67D /* SnapshotTestingCustomDump */ = {
			isa = XCSwiftPackageProductDependency;
			package = 37DBDC0C2DE4256000D1A67D /* XCRemoteSwiftPackageReference "swift-snapshot-testing" */;
			productName = SnapshotTestingCustomDump;
		};
/* End XCSwiftPackageProductDependency section */
	};
	rootObject = 37DBDB292DE190F800D1A67D /* Project object */;
}
